
Microsoft Visual Studio Solution File, Format Version 12.00
# Visual Studio Version 16
VisualStudioVersion = 16.0.33328.57
MinimumVisualStudioVersion = 10.0.40219.1
Project("{6EC3EE1D-3C4E-46DD-8F32-0CC8E7565705}") = "CarWebApi", "..\CarWebApi\CarWebApi\CarWebApi.fsproj", "{B9BB7290-D732-4CD0-BBB0-E57EFB85BC0C}"
EndProject
Global
	GlobalSection(SolutionConfigurationPlatforms) = preSolution
		Debug|Any CPU = Debug|Any CPU
		Release|Any CPU = Release|Any CPU
	EndGlobalSection
	GlobalSection(ProjectConfigurationPlatforms) = postSolution
		{B9BB7290-D732-4CD0-BBB0-E57EFB85BC0C}.Debug|Any CPU.ActiveCfg = Debug|Any CPU
		{B9BB7290-D732-4CD0-BBB0-E57EFB85BC0C}.Debug|Any CPU.Build.0 = Debug|Any CPU
		{B9BB7290-D732-4CD0-BBB0-E57EFB85BC0C}.Release|Any CPU.ActiveCfg = Release|Any CPU
		{B9BB7290-D732-4CD0-BBB0-E57EFB85BC0C}.Release|Any CPU.Build.0 = Release|Any CPU
	EndGlobalSection
	GlobalSection(SolutionProperties) = preSolution
		HideSolutionNode = FALSE
	EndGlobalSection
	GlobalSection(ExtensibilityGlobals) = postSolution
		SolutionGuid = {A871DE9A-868C-4E47-8A40-A0CA8B74229A}
	EndGlobalSection
EndGlobal
